// !$*UTF8*$!
{
	archiveVersion = 1;
	classes = {
	};
	objectVersion = 56;
	objects = {

/* Begin PBXBuildFile section */
		0214085B296695EA0051FF33 /* BottleShopDetailView.swift in Sources */ = {isa = PBXBuildFile; fileRef = 0214085A296695EA0051FF33 /* BottleShopDetailView.swift */; };
		0214085D2966B0920051FF33 /* BottleShopInstagramWebView.swift in Sources */ = {isa = PBXBuildFile; fileRef = 0214085C2966B0920051FF33 /* BottleShopInstagramWebView.swift */; };
		0214085F2966BBD40051FF33 /* BottleShopBottlesCell.swift in Sources */ = {isa = PBXBuildFile; fileRef = 0214085E2966BBD40051FF33 /* BottleShopBottlesCell.swift */; };
		0405D49829658293001FE965 /* BottlesApp.swift in Sources */ = {isa = PBXBuildFile; fileRef = 0405D49729658293001FE965 /* BottlesApp.swift */; };
		0405D49A29658293001FE965 /* ContentView.swift in Sources */ = {isa = PBXBuildFile; fileRef = 0405D49929658293001FE965 /* ContentView.swift */; };
		0405D49C29658296001FE965 /* Assets.xcassets in Resources */ = {isa = PBXBuildFile; fileRef = 0405D49B29658296001FE965 /* Assets.xcassets */; };
		0405D49F29658296001FE965 /* Preview Assets.xcassets in Resources */ = {isa = PBXBuildFile; fileRef = 0405D49E29658296001FE965 /* Preview Assets.xcassets */; };
		0405D4A929658296001FE965 /* BottlesTests.swift in Sources */ = {isa = PBXBuildFile; fileRef = 0405D4A829658296001FE965 /* BottlesTests.swift */; };
		0405D4B329658296001FE965 /* BottlesUITests.swift in Sources */ = {isa = PBXBuildFile; fileRef = 0405D4B229658296001FE965 /* BottlesUITests.swift */; };
		0405D4B529658296001FE965 /* BottlesUITestsLaunchTests.swift in Sources */ = {isa = PBXBuildFile; fileRef = 0405D4B429658296001FE965 /* BottlesUITestsLaunchTests.swift */; };
		0405D4C52965838A001FE965 /* FirebaseAnalytics in Frameworks */ = {isa = PBXBuildFile; productRef = 0405D4C42965838A001FE965 /* FirebaseAnalytics */; };
		0405D4C72965838A001FE965 /* FirebaseAnalyticsSwift in Frameworks */ = {isa = PBXBuildFile; productRef = 0405D4C62965838A001FE965 /* FirebaseAnalyticsSwift */; };
		0405D4C92965838A001FE965 /* FirebaseAuth in Frameworks */ = {isa = PBXBuildFile; productRef = 0405D4C82965838A001FE965 /* FirebaseAuth */; };
		0405D4CB2965838A001FE965 /* FirebaseDatabase in Frameworks */ = {isa = PBXBuildFile; productRef = 0405D4CA2965838A001FE965 /* FirebaseDatabase */; };
		0405D4CD2965838A001FE965 /* FirebaseDatabaseSwift in Frameworks */ = {isa = PBXBuildFile; productRef = 0405D4CC2965838A001FE965 /* FirebaseDatabaseSwift */; };
		0405D4CF2965838A001FE965 /* FirebaseFirestore in Frameworks */ = {isa = PBXBuildFile; productRef = 0405D4CE2965838A001FE965 /* FirebaseFirestore */; };
		0405D4D12965838A001FE965 /* FirebaseFirestoreSwift in Frameworks */ = {isa = PBXBuildFile; productRef = 0405D4D02965838A001FE965 /* FirebaseFirestoreSwift */; };
		0405D4D729659449001FE965 /* UserInfo.swift in Sources */ = {isa = PBXBuildFile; fileRef = 0405D4D629659449001FE965 /* UserInfo.swift */; };
		0405D4D929659466001FE965 /* ShopInfo.swift in Sources */ = {isa = PBXBuildFile; fileRef = 0405D4D829659466001FE965 /* ShopInfo.swift */; };
		0405D4E629668636001FE965 /* UserInfoStore.swift in Sources */ = {isa = PBXBuildFile; fileRef = 0405D4E529668636001FE965 /* UserInfoStore.swift */; };
		0405D4E82966865E001FE965 /* ShopInfoStore.swift in Sources */ = {isa = PBXBuildFile; fileRef = 0405D4E72966865E001FE965 /* ShopInfoStore.swift */; };
		0405D4EA29669A53001FE965 /* JsonToFirestoreTestView.swift in Sources */ = {isa = PBXBuildFile; fileRef = 0405D4E929669A53001FE965 /* JsonToFirestoreTestView.swift */; };
		046B3AB72966B6F500F6F21D /* csvjson.json in Resources */ = {isa = PBXBuildFile; fileRef = 046B3AB62966B6F400F6F21D /* csvjson.json */; };
		271F1C792966A41C00FCE981 /* LikeBottleView.swift in Sources */ = {isa = PBXBuildFile; fileRef = 271F1C782966A41C00FCE981 /* LikeBottleView.swift */; };
		271F1C7C2966A80600FCE981 /* LikeBottleCell.swift in Sources */ = {isa = PBXBuildFile; fileRef = 271F1C7B2966A80600FCE981 /* LikeBottleCell.swift */; };
		271F1C802966BC5D00FCE981 /* SearchBar.swift in Sources */ = {isa = PBXBuildFile; fileRef = 271F1C7F2966BC5D00FCE981 /* SearchBar.swift */; };
		271F1C872966C15700FCE981 /* MapView.swift in Sources */ = {isa = PBXBuildFile; fileRef = 271F1C862966C15700FCE981 /* MapView.swift */; };
		271F1C8A2966C1C800FCE981 /* LookingAroundView.swift in Sources */ = {isa = PBXBuildFile; fileRef = 271F1C892966C1C800FCE981 /* LookingAroundView.swift */; };
		271F1C8D2966CB0300FCE981 /* FollowBottleShopView.swift in Sources */ = {isa = PBXBuildFile; fileRef = 271F1C8C2966CB0300FCE981 /* FollowBottleShopView.swift */; };
		271F1C902966CE3300FCE981 /* ColorExtension.swift in Sources */ = {isa = PBXBuildFile; fileRef = 271F1C8F2966CE3300FCE981 /* ColorExtension.swift */; };
		271F1C922966D1F100FCE981 /* MapViewCell.swift in Sources */ = {isa = PBXBuildFile; fileRef = 271F1C912966D1F100FCE981 /* MapViewCell.swift */; };
		7F4C6F042966EF5600B6E05D /* MapViewModel.swift in Sources */ = {isa = PBXBuildFile; fileRef = 7F4C6F032966EF5600B6E05D /* MapViewModel.swift */; };
		7F4C6F062966FB7C00B6E05D /* GoogleService-Info.plist in Resources */ = {isa = PBXBuildFile; fileRef = 7F4C6F052966FB7C00B6E05D /* GoogleService-Info.plist */; };
		7F6C4BCB2966E5D10041ECAF /* EditUserInfoView.swift in Sources */ = {isa = PBXBuildFile; fileRef = 7F6C4BCA2966E5D10041ECAF /* EditUserInfoView.swift */; };
		7FE7BFCD29669280000188EC /* MyPageView.swift in Sources */ = {isa = PBXBuildFile; fileRef = 7FE7BFCC29669280000188EC /* MyPageView.swift */; };
		7FE7BFCF2966A469000188EC /* WaitingPickupCell.swift in Sources */ = {isa = PBXBuildFile; fileRef = 7FE7BFCE2966A469000188EC /* WaitingPickupCell.swift */; };
		7FE7BFD12966B04A000188EC /* PickedUpBottleCell.swift in Sources */ = {isa = PBXBuildFile; fileRef = 7FE7BFD02966B04A000188EC /* PickedUpBottleCell.swift */; };
		82EC1D6D2966929700029E8A /* BottleDetailView.swift in Sources */ = {isa = PBXBuildFile; fileRef = 82EC1D6C2966929700029E8A /* BottleDetailView.swift */; };
/* End PBXBuildFile section */

/* Begin PBXContainerItemProxy section */
		0405D4A529658296001FE965 /* PBXContainerItemProxy */ = {
			isa = PBXContainerItemProxy;
			containerPortal = 0405D48C29658293001FE965 /* Project object */;
			proxyType = 1;
			remoteGlobalIDString = 0405D49329658293001FE965;
			remoteInfo = Bottles;
		};
		0405D4AF29658296001FE965 /* PBXContainerItemProxy */ = {
			isa = PBXContainerItemProxy;
			containerPortal = 0405D48C29658293001FE965 /* Project object */;
			proxyType = 1;
			remoteGlobalIDString = 0405D49329658293001FE965;
			remoteInfo = Bottles;
		};
/* End PBXContainerItemProxy section */

/* Begin PBXFileReference section */
		0214085A296695EA0051FF33 /* BottleShopDetailView.swift */ = {isa = PBXFileReference; lastKnownFileType = sourcecode.swift; path = BottleShopDetailView.swift; sourceTree = "<group>"; };
		0214085C2966B0920051FF33 /* BottleShopInstagramWebView.swift */ = {isa = PBXFileReference; lastKnownFileType = sourcecode.swift; path = BottleShopInstagramWebView.swift; sourceTree = "<group>"; };
		0214085E2966BBD40051FF33 /* BottleShopBottlesCell.swift */ = {isa = PBXFileReference; lastKnownFileType = sourcecode.swift; path = BottleShopBottlesCell.swift; sourceTree = "<group>"; };
		0405D49429658293001FE965 /* Bottles.app */ = {isa = PBXFileReference; explicitFileType = wrapper.application; includeInIndex = 0; path = Bottles.app; sourceTree = BUILT_PRODUCTS_DIR; };
		0405D49729658293001FE965 /* BottlesApp.swift */ = {isa = PBXFileReference; lastKnownFileType = sourcecode.swift; path = BottlesApp.swift; sourceTree = "<group>"; };
		0405D49929658293001FE965 /* ContentView.swift */ = {isa = PBXFileReference; lastKnownFileType = sourcecode.swift; path = ContentView.swift; sourceTree = "<group>"; };
		0405D49B29658296001FE965 /* Assets.xcassets */ = {isa = PBXFileReference; lastKnownFileType = folder.assetcatalog; path = Assets.xcassets; sourceTree = "<group>"; };
		0405D49E29658296001FE965 /* Preview Assets.xcassets */ = {isa = PBXFileReference; lastKnownFileType = folder.assetcatalog; path = "Preview Assets.xcassets"; sourceTree = "<group>"; };
		0405D4A429658296001FE965 /* BottlesTests.xctest */ = {isa = PBXFileReference; explicitFileType = wrapper.cfbundle; includeInIndex = 0; path = BottlesTests.xctest; sourceTree = BUILT_PRODUCTS_DIR; };
		0405D4A829658296001FE965 /* BottlesTests.swift */ = {isa = PBXFileReference; lastKnownFileType = sourcecode.swift; path = BottlesTests.swift; sourceTree = "<group>"; };
		0405D4AE29658296001FE965 /* BottlesUITests.xctest */ = {isa = PBXFileReference; explicitFileType = wrapper.cfbundle; includeInIndex = 0; path = BottlesUITests.xctest; sourceTree = BUILT_PRODUCTS_DIR; };
		0405D4B229658296001FE965 /* BottlesUITests.swift */ = {isa = PBXFileReference; lastKnownFileType = sourcecode.swift; path = BottlesUITests.swift; sourceTree = "<group>"; };
		0405D4B429658296001FE965 /* BottlesUITestsLaunchTests.swift */ = {isa = PBXFileReference; lastKnownFileType = sourcecode.swift; path = BottlesUITestsLaunchTests.swift; sourceTree = "<group>"; };
		0405D4D629659449001FE965 /* UserInfo.swift */ = {isa = PBXFileReference; lastKnownFileType = sourcecode.swift; path = UserInfo.swift; sourceTree = "<group>"; };
		0405D4D829659466001FE965 /* ShopInfo.swift */ = {isa = PBXFileReference; lastKnownFileType = sourcecode.swift; path = ShopInfo.swift; sourceTree = "<group>"; };
		0405D4E529668636001FE965 /* UserInfoStore.swift */ = {isa = PBXFileReference; lastKnownFileType = sourcecode.swift; path = UserInfoStore.swift; sourceTree = "<group>"; };
		0405D4E72966865E001FE965 /* ShopInfoStore.swift */ = {isa = PBXFileReference; lastKnownFileType = sourcecode.swift; path = ShopInfoStore.swift; sourceTree = "<group>"; };
		0405D4E929669A53001FE965 /* JsonToFirestoreTestView.swift */ = {isa = PBXFileReference; lastKnownFileType = sourcecode.swift; path = JsonToFirestoreTestView.swift; sourceTree = "<group>"; };
		046B3AB62966B6F400F6F21D /* csvjson.json */ = {isa = PBXFileReference; fileEncoding = 4; lastKnownFileType = text.json; path = csvjson.json; sourceTree = "<group>"; };
		271F1C782966A41C00FCE981 /* LikeBottleView.swift */ = {isa = PBXFileReference; lastKnownFileType = sourcecode.swift; path = LikeBottleView.swift; sourceTree = "<group>"; };
		271F1C7B2966A80600FCE981 /* LikeBottleCell.swift */ = {isa = PBXFileReference; lastKnownFileType = sourcecode.swift; path = LikeBottleCell.swift; sourceTree = "<group>"; };
		271F1C7F2966BC5D00FCE981 /* SearchBar.swift */ = {isa = PBXFileReference; lastKnownFileType = sourcecode.swift; path = SearchBar.swift; sourceTree = "<group>"; };
		271F1C862966C15700FCE981 /* MapView.swift */ = {isa = PBXFileReference; lastKnownFileType = sourcecode.swift; path = MapView.swift; sourceTree = "<group>"; };
		271F1C892966C1C800FCE981 /* LookingAroundView.swift */ = {isa = PBXFileReference; lastKnownFileType = sourcecode.swift; path = LookingAroundView.swift; sourceTree = "<group>"; };
		271F1C8C2966CB0300FCE981 /* FollowBottleShopView.swift */ = {isa = PBXFileReference; lastKnownFileType = sourcecode.swift; path = FollowBottleShopView.swift; sourceTree = "<group>"; };
		271F1C8F2966CE3300FCE981 /* ColorExtension.swift */ = {isa = PBXFileReference; lastKnownFileType = sourcecode.swift; path = ColorExtension.swift; sourceTree = "<group>"; };
		271F1C912966D1F100FCE981 /* MapViewCell.swift */ = {isa = PBXFileReference; lastKnownFileType = sourcecode.swift; path = MapViewCell.swift; sourceTree = "<group>"; };
		7F4C6F032966EF5600B6E05D /* MapViewModel.swift */ = {isa = PBXFileReference; lastKnownFileType = sourcecode.swift; path = MapViewModel.swift; sourceTree = "<group>"; };
		7F4C6F052966FB7C00B6E05D /* GoogleService-Info.plist */ = {isa = PBXFileReference; fileEncoding = 4; lastKnownFileType = text.plist.xml; path = "GoogleService-Info.plist"; sourceTree = "<group>"; };
		7F6C4BCA2966E5D10041ECAF /* EditUserInfoView.swift */ = {isa = PBXFileReference; lastKnownFileType = sourcecode.swift; path = EditUserInfoView.swift; sourceTree = "<group>"; };
		7FE7BFCC29669280000188EC /* MyPageView.swift */ = {isa = PBXFileReference; lastKnownFileType = sourcecode.swift; path = MyPageView.swift; sourceTree = "<group>"; };
		7FE7BFCE2966A469000188EC /* WaitingPickupCell.swift */ = {isa = PBXFileReference; lastKnownFileType = sourcecode.swift; path = WaitingPickupCell.swift; sourceTree = "<group>"; };
		7FE7BFD02966B04A000188EC /* PickedUpBottleCell.swift */ = {isa = PBXFileReference; lastKnownFileType = sourcecode.swift; path = PickedUpBottleCell.swift; sourceTree = "<group>"; };
		82EC1D6C2966929700029E8A /* BottleDetailView.swift */ = {isa = PBXFileReference; lastKnownFileType = sourcecode.swift; path = BottleDetailView.swift; sourceTree = "<group>"; };
/* End PBXFileReference section */

/* Begin PBXFrameworksBuildPhase section */
		0405D49129658293001FE965 /* Frameworks */ = {
			isa = PBXFrameworksBuildPhase;
			buildActionMask = 2147483647;
			files = (
				0405D4CD2965838A001FE965 /* FirebaseDatabaseSwift in Frameworks */,
				0405D4C72965838A001FE965 /* FirebaseAnalyticsSwift in Frameworks */,
				0405D4C92965838A001FE965 /* FirebaseAuth in Frameworks */,
				0405D4D12965838A001FE965 /* FirebaseFirestoreSwift in Frameworks */,
				0405D4CB2965838A001FE965 /* FirebaseDatabase in Frameworks */,
				0405D4C52965838A001FE965 /* FirebaseAnalytics in Frameworks */,
				0405D4CF2965838A001FE965 /* FirebaseFirestore in Frameworks */,
			);
			runOnlyForDeploymentPostprocessing = 0;
		};
		0405D4A129658296001FE965 /* Frameworks */ = {
			isa = PBXFrameworksBuildPhase;
			buildActionMask = 2147483647;
			files = (
			);
			runOnlyForDeploymentPostprocessing = 0;
		};
		0405D4AB29658296001FE965 /* Frameworks */ = {
			isa = PBXFrameworksBuildPhase;
			buildActionMask = 2147483647;
			files = (
			);
			runOnlyForDeploymentPostprocessing = 0;
		};
/* End PBXFrameworksBuildPhase section */

/* Begin PBXGroup section */
		0405D48B29658293001FE965 = {
			isa = PBXGroup;
			children = (
				0405D49629658293001FE965 /* Bottles */,
				0405D4A729658296001FE965 /* BottlesTests */,
				0405D4B129658296001FE965 /* BottlesUITests */,
				0405D49529658293001FE965 /* Products */,
			);
			sourceTree = "<group>";
		};
		0405D49529658293001FE965 /* Products */ = {
			isa = PBXGroup;
			children = (
				0405D49429658293001FE965 /* Bottles.app */,
				0405D4A429658296001FE965 /* BottlesTests.xctest */,
				0405D4AE29658296001FE965 /* BottlesUITests.xctest */,
			);
			name = Products;
			sourceTree = "<group>";
		};
		0405D49629658293001FE965 /* Bottles */ = {
			isa = PBXGroup;
			children = (
				0405D49729658293001FE965 /* BottlesApp.swift */,
				271F1C8E2966CE2100FCE981 /* Extension */,
				046B3AB62966B6F400F6F21D /* csvjson.json */,
				0405D4E2296685D9001FE965 /* View */,
				0405D4D32965939B001FE965 /* Model */,
				7F4C6F022966EF1900B6E05D /* ViewModel */,
				0405D4D4296593D4001FE965 /* Store */,
				7F4C6F052966FB7C00B6E05D /* GoogleService-Info.plist */,
				0405D49B29658296001FE965 /* Assets.xcassets */,
				0405D49D29658296001FE965 /* Preview Content */,
			);
			path = Bottles;
			sourceTree = "<group>";
		};
		0405D49D29658296001FE965 /* Preview Content */ = {
			isa = PBXGroup;
			children = (
				0405D49E29658296001FE965 /* Preview Assets.xcassets */,
			);
			path = "Preview Content";
			sourceTree = "<group>";
		};
		0405D4A729658296001FE965 /* BottlesTests */ = {
			isa = PBXGroup;
			children = (
				0405D4A829658296001FE965 /* BottlesTests.swift */,
			);
			path = BottlesTests;
			sourceTree = "<group>";
		};
		0405D4B129658296001FE965 /* BottlesUITests */ = {
			isa = PBXGroup;
			children = (
				0405D4B229658296001FE965 /* BottlesUITests.swift */,
				0405D4B429658296001FE965 /* BottlesUITestsLaunchTests.swift */,
			);
			path = BottlesUITests;
			sourceTree = "<group>";
		};
		0405D4D32965939B001FE965 /* Model */ = {
			isa = PBXGroup;
			children = (
				0405D4D629659449001FE965 /* UserInfo.swift */,
				0405D4D829659466001FE965 /* ShopInfo.swift */,
			);
			path = Model;
			sourceTree = "<group>";
		};
		0405D4D4296593D4001FE965 /* Store */ = {
			isa = PBXGroup;
			children = (
				0405D4E529668636001FE965 /* UserInfoStore.swift */,
				0405D4E72966865E001FE965 /* ShopInfoStore.swift */,
			);
			path = Store;
			sourceTree = "<group>";
		};
		0405D4E2296685D9001FE965 /* View */ = {
			isa = PBXGroup;
			children = (
				0405D49929658293001FE965 /* ContentView.swift */,
				271F1C8B2966CAEB00FCE981 /* FollowBottleShop */,
				271F1C882966C1B200FCE981 /* LookingAround */,
				271F1C852966C14B00FCE981 /* Map */,
				271F1C842966C04700FCE981 /* BottleShopDetail */,
				271F1C7A2966A48900FCE981 /* LikeBottles */,
				271F1C822966C03100FCE981 /* BottleDetail */,
				271F1C812966C00700FCE981 /* MyPage */,
				0405D4E929669A53001FE965 /* JsonToFirestoreTestView.swift */,
			);
			path = View;
			sourceTree = "<group>";
		};
		271F1C7A2966A48900FCE981 /* LikeBottles */ = {
			isa = PBXGroup;
			children = (
				271F1C782966A41C00FCE981 /* LikeBottleView.swift */,
				271F1C7B2966A80600FCE981 /* LikeBottleCell.swift */,
				271F1C7F2966BC5D00FCE981 /* SearchBar.swift */,
			);
			path = LikeBottles;
			sourceTree = "<group>";
		};
		271F1C812966C00700FCE981 /* MyPage */ = {
			isa = PBXGroup;
			children = (
				7FE7BFCC29669280000188EC /* MyPageView.swift */,
				7F6C4BCA2966E5D10041ECAF /* EditUserInfoView.swift */,
				7FE7BFCE2966A469000188EC /* WaitingPickupCell.swift */,
				7FE7BFD02966B04A000188EC /* PickedUpBottleCell.swift */,
			);
			path = MyPage;
			sourceTree = "<group>";
		};
		271F1C822966C03100FCE981 /* BottleDetail */ = {
			isa = PBXGroup;
			children = (
				82EC1D6C2966929700029E8A /* BottleDetailView.swift */,
			);
			path = BottleDetail;
			sourceTree = "<group>";
		};
		271F1C842966C04700FCE981 /* BottleShopDetail */ = {
			isa = PBXGroup;
			children = (
				0214085A296695EA0051FF33 /* BottleShopDetailView.swift */,
				0214085E2966BBD40051FF33 /* BottleShopBottlesCell.swift */,
				0214085C2966B0920051FF33 /* BottleShopInstagramWebView.swift */,
			);
			path = BottleShopDetail;
			sourceTree = "<group>";
		};
		271F1C852966C14B00FCE981 /* Map */ = {
			isa = PBXGroup;
			children = (
				271F1C862966C15700FCE981 /* MapView.swift */,
				271F1C912966D1F100FCE981 /* MapViewCell.swift */,
			);
			path = Map;
			sourceTree = "<group>";
		};
		271F1C882966C1B200FCE981 /* LookingAround */ = {
			isa = PBXGroup;
			children = (
				271F1C892966C1C800FCE981 /* LookingAroundView.swift */,
			);
			path = LookingAround;
			sourceTree = "<group>";
		};
		271F1C8B2966CAEB00FCE981 /* FollowBottleShop */ = {
			isa = PBXGroup;
			children = (
				271F1C8C2966CB0300FCE981 /* FollowBottleShopView.swift */,
			);
			path = FollowBottleShop;
			sourceTree = "<group>";
		};
		271F1C8E2966CE2100FCE981 /* Extension */ = {
			isa = PBXGroup;
			children = (
				271F1C8F2966CE3300FCE981 /* ColorExtension.swift */,
			);
			path = Extension;
			sourceTree = "<group>";
		};
		7F4C6F022966EF1900B6E05D /* ViewModel */ = {
			isa = PBXGroup;
			children = (
				7F4C6F032966EF5600B6E05D /* MapViewModel.swift */,
			);
			path = ViewModel;
			sourceTree = "<group>";
		};
/* End PBXGroup section */

/* Begin PBXNativeTarget section */
		0405D49329658293001FE965 /* Bottles */ = {
			isa = PBXNativeTarget;
			buildConfigurationList = 0405D4B829658296001FE965 /* Build configuration list for PBXNativeTarget "Bottles" */;
			buildPhases = (
				0405D49029658293001FE965 /* Sources */,
				0405D49129658293001FE965 /* Frameworks */,
				0405D49229658293001FE965 /* Resources */,
			);
			buildRules = (
			);
			dependencies = (
			);
			name = Bottles;
			packageProductDependencies = (
				0405D4C42965838A001FE965 /* FirebaseAnalytics */,
				0405D4C62965838A001FE965 /* FirebaseAnalyticsSwift */,
				0405D4C82965838A001FE965 /* FirebaseAuth */,
				0405D4CA2965838A001FE965 /* FirebaseDatabase */,
				0405D4CC2965838A001FE965 /* FirebaseDatabaseSwift */,
				0405D4CE2965838A001FE965 /* FirebaseFirestore */,
				0405D4D02965838A001FE965 /* FirebaseFirestoreSwift */,
			);
			productName = Bottles;
			productReference = 0405D49429658293001FE965 /* Bottles.app */;
			productType = "com.apple.product-type.application";
		};
		0405D4A329658296001FE965 /* BottlesTests */ = {
			isa = PBXNativeTarget;
			buildConfigurationList = 0405D4BB29658296001FE965 /* Build configuration list for PBXNativeTarget "BottlesTests" */;
			buildPhases = (
				0405D4A029658296001FE965 /* Sources */,
				0405D4A129658296001FE965 /* Frameworks */,
				0405D4A229658296001FE965 /* Resources */,
			);
			buildRules = (
			);
			dependencies = (
				0405D4A629658296001FE965 /* PBXTargetDependency */,
			);
			name = BottlesTests;
			productName = BottlesTests;
			productReference = 0405D4A429658296001FE965 /* BottlesTests.xctest */;
			productType = "com.apple.product-type.bundle.unit-test";
		};
		0405D4AD29658296001FE965 /* BottlesUITests */ = {
			isa = PBXNativeTarget;
			buildConfigurationList = 0405D4BE29658296001FE965 /* Build configuration list for PBXNativeTarget "BottlesUITests" */;
			buildPhases = (
				0405D4AA29658296001FE965 /* Sources */,
				0405D4AB29658296001FE965 /* Frameworks */,
				0405D4AC29658296001FE965 /* Resources */,
			);
			buildRules = (
			);
			dependencies = (
				0405D4B029658296001FE965 /* PBXTargetDependency */,
			);
			name = BottlesUITests;
			productName = BottlesUITests;
			productReference = 0405D4AE29658296001FE965 /* BottlesUITests.xctest */;
			productType = "com.apple.product-type.bundle.ui-testing";
		};
/* End PBXNativeTarget section */

/* Begin PBXProject section */
		0405D48C29658293001FE965 /* Project object */ = {
			isa = PBXProject;
			attributes = {
				BuildIndependentTargetsInParallel = 1;
				LastSwiftUpdateCheck = 1420;
				LastUpgradeCheck = 1420;
				TargetAttributes = {
					0405D49329658293001FE965 = {
						CreatedOnToolsVersion = 14.2;
					};
					0405D4A329658296001FE965 = {
						CreatedOnToolsVersion = 14.2;
						TestTargetID = 0405D49329658293001FE965;
					};
					0405D4AD29658296001FE965 = {
						CreatedOnToolsVersion = 14.2;
						TestTargetID = 0405D49329658293001FE965;
					};
				};
			};
			buildConfigurationList = 0405D48F29658293001FE965 /* Build configuration list for PBXProject "Bottles" */;
			compatibilityVersion = "Xcode 14.0";
			developmentRegion = en;
			hasScannedForEncodings = 0;
			knownRegions = (
				en,
				Base,
			);
			mainGroup = 0405D48B29658293001FE965;
			packageReferences = (
				0405D4C32965838A001FE965 /* XCRemoteSwiftPackageReference "firebase-ios-sdk" */,
			);
			productRefGroup = 0405D49529658293001FE965 /* Products */;
			projectDirPath = "";
			projectRoot = "";
			targets = (
				0405D49329658293001FE965 /* Bottles */,
				0405D4A329658296001FE965 /* BottlesTests */,
				0405D4AD29658296001FE965 /* BottlesUITests */,
			);
		};
/* End PBXProject section */

/* Begin PBXResourcesBuildPhase section */
		0405D49229658293001FE965 /* Resources */ = {
			isa = PBXResourcesBuildPhase;
			buildActionMask = 2147483647;
			files = (
				0405D49F29658296001FE965 /* Preview Assets.xcassets in Resources */,
				046B3AB72966B6F500F6F21D /* csvjson.json in Resources */,
				0405D49C29658296001FE965 /* Assets.xcassets in Resources */,
				7F4C6F062966FB7C00B6E05D /* GoogleService-Info.plist in Resources */,
			);
			runOnlyForDeploymentPostprocessing = 0;
		};
		0405D4A229658296001FE965 /* Resources */ = {
			isa = PBXResourcesBuildPhase;
			buildActionMask = 2147483647;
			files = (
			);
			runOnlyForDeploymentPostprocessing = 0;
		};
		0405D4AC29658296001FE965 /* Resources */ = {
			isa = PBXResourcesBuildPhase;
			buildActionMask = 2147483647;
			files = (
			);
			runOnlyForDeploymentPostprocessing = 0;
		};
/* End PBXResourcesBuildPhase section */

/* Begin PBXSourcesBuildPhase section */
		0405D49029658293001FE965 /* Sources */ = {
			isa = PBXSourcesBuildPhase;
			buildActionMask = 2147483647;
			files = (
				0405D49A29658293001FE965 /* ContentView.swift in Sources */,
				271F1C792966A41C00FCE981 /* LikeBottleView.swift in Sources */,
				271F1C8A2966C1C800FCE981 /* LookingAroundView.swift in Sources */,
				271F1C8D2966CB0300FCE981 /* FollowBottleShopView.swift in Sources */,
				271F1C7C2966A80600FCE981 /* LikeBottleCell.swift in Sources */,
				82EC1D6D2966929700029E8A /* BottleDetailView.swift in Sources */,
				7FE7BFCD29669280000188EC /* MyPageView.swift in Sources */,
				7FE7BFCF2966A469000188EC /* WaitingPickupCell.swift in Sources */,
				0405D4D729659449001FE965 /* UserInfo.swift in Sources */,
				271F1C872966C15700FCE981 /* MapView.swift in Sources */,
				0405D49829658293001FE965 /* BottlesApp.swift in Sources */,
				0214085F2966BBD40051FF33 /* BottleShopBottlesCell.swift in Sources */,
				271F1C902966CE3300FCE981 /* ColorExtension.swift in Sources */,
				0405D4EA29669A53001FE965 /* JsonToFirestoreTestView.swift in Sources */,
				0405D4E82966865E001FE965 /* ShopInfoStore.swift in Sources */,
				271F1C802966BC5D00FCE981 /* SearchBar.swift in Sources */,
				0405D4E629668636001FE965 /* UserInfoStore.swift in Sources */,
				0214085D2966B0920051FF33 /* BottleShopInstagramWebView.swift in Sources */,
				7FE7BFD12966B04A000188EC /* PickedUpBottleCell.swift in Sources */,
				7F6C4BCB2966E5D10041ECAF /* EditUserInfoView.swift in Sources */,
				0405D4D929659466001FE965 /* ShopInfo.swift in Sources */,
				0214085B296695EA0051FF33 /* BottleShopDetailView.swift in Sources */,
				271F1C922966D1F100FCE981 /* MapViewCell.swift in Sources */,
				7F4C6F042966EF5600B6E05D /* MapViewModel.swift in Sources */,
			);
			runOnlyForDeploymentPostprocessing = 0;
		};
		0405D4A029658296001FE965 /* Sources */ = {
			isa = PBXSourcesBuildPhase;
			buildActionMask = 2147483647;
			files = (
				0405D4A929658296001FE965 /* BottlesTests.swift in Sources */,
			);
			runOnlyForDeploymentPostprocessing = 0;
		};
		0405D4AA29658296001FE965 /* Sources */ = {
			isa = PBXSourcesBuildPhase;
			buildActionMask = 2147483647;
			files = (
				0405D4B529658296001FE965 /* BottlesUITestsLaunchTests.swift in Sources */,
				0405D4B329658296001FE965 /* BottlesUITests.swift in Sources */,
			);
			runOnlyForDeploymentPostprocessing = 0;
		};
/* End PBXSourcesBuildPhase section */

/* Begin PBXTargetDependency section */
		0405D4A629658296001FE965 /* PBXTargetDependency */ = {
			isa = PBXTargetDependency;
			target = 0405D49329658293001FE965 /* Bottles */;
			targetProxy = 0405D4A529658296001FE965 /* PBXContainerItemProxy */;
		};
		0405D4B029658296001FE965 /* PBXTargetDependency */ = {
			isa = PBXTargetDependency;
			target = 0405D49329658293001FE965 /* Bottles */;
			targetProxy = 0405D4AF29658296001FE965 /* PBXContainerItemProxy */;
		};
/* End PBXTargetDependency section */

/* Begin XCBuildConfiguration section */
		0405D4B629658296001FE965 /* Debug */ = {
			isa = XCBuildConfiguration;
			buildSettings = {
				ALWAYS_SEARCH_USER_PATHS = NO;
				CLANG_ANALYZER_NONNULL = YES;
				CLANG_ANALYZER_NUMBER_OBJECT_CONVERSION = YES_AGGRESSIVE;
				CLANG_CXX_LANGUAGE_STANDARD = "gnu++20";
				CLANG_ENABLE_MODULES = YES;
				CLANG_ENABLE_OBJC_ARC = YES;
				CLANG_ENABLE_OBJC_WEAK = YES;
				CLANG_WARN_BLOCK_CAPTURE_AUTORELEASING = YES;
				CLANG_WARN_BOOL_CONVERSION = YES;
				CLANG_WARN_COMMA = YES;
				CLANG_WARN_CONSTANT_CONVERSION = YES;
				CLANG_WARN_DEPRECATED_OBJC_IMPLEMENTATIONS = YES;
				CLANG_WARN_DIRECT_OBJC_ISA_USAGE = YES_ERROR;
				CLANG_WARN_DOCUMENTATION_COMMENTS = YES;
				CLANG_WARN_EMPTY_BODY = YES;
				CLANG_WARN_ENUM_CONVERSION = YES;
				CLANG_WARN_INFINITE_RECURSION = YES;
				CLANG_WARN_INT_CONVERSION = YES;
				CLANG_WARN_NON_LITERAL_NULL_CONVERSION = YES;
				CLANG_WARN_OBJC_IMPLICIT_RETAIN_SELF = YES;
				CLANG_WARN_OBJC_LITERAL_CONVERSION = YES;
				CLANG_WARN_OBJC_ROOT_CLASS = YES_ERROR;
				CLANG_WARN_QUOTED_INCLUDE_IN_FRAMEWORK_HEADER = YES;
				CLANG_WARN_RANGE_LOOP_ANALYSIS = YES;
				CLANG_WARN_STRICT_PROTOTYPES = YES;
				CLANG_WARN_SUSPICIOUS_MOVE = YES;
				CLANG_WARN_UNGUARDED_AVAILABILITY = YES_AGGRESSIVE;
				CLANG_WARN_UNREACHABLE_CODE = YES;
				CLANG_WARN__DUPLICATE_METHOD_MATCH = YES;
				COPY_PHASE_STRIP = NO;
				DEBUG_INFORMATION_FORMAT = dwarf;
				ENABLE_STRICT_OBJC_MSGSEND = YES;
				ENABLE_TESTABILITY = YES;
				GCC_C_LANGUAGE_STANDARD = gnu11;
				GCC_DYNAMIC_NO_PIC = NO;
				GCC_NO_COMMON_BLOCKS = YES;
				GCC_OPTIMIZATION_LEVEL = 0;
				GCC_PREPROCESSOR_DEFINITIONS = (
					"DEBUG=1",
					"$(inherited)",
				);
				GCC_WARN_64_TO_32_BIT_CONVERSION = YES;
				GCC_WARN_ABOUT_RETURN_TYPE = YES_ERROR;
				GCC_WARN_UNDECLARED_SELECTOR = YES;
				GCC_WARN_UNINITIALIZED_AUTOS = YES_AGGRESSIVE;
				GCC_WARN_UNUSED_FUNCTION = YES;
				GCC_WARN_UNUSED_VARIABLE = YES;
				IPHONEOS_DEPLOYMENT_TARGET = 16.2;
				MTL_ENABLE_DEBUG_INFO = INCLUDE_SOURCE;
				MTL_FAST_MATH = YES;
				ONLY_ACTIVE_ARCH = YES;
				SDKROOT = iphoneos;
				SWIFT_ACTIVE_COMPILATION_CONDITIONS = DEBUG;
				SWIFT_OPTIMIZATION_LEVEL = "-Onone";
			};
			name = Debug;
		};
		0405D4B729658296001FE965 /* Release */ = {
			isa = XCBuildConfiguration;
			buildSettings = {
				ALWAYS_SEARCH_USER_PATHS = NO;
				CLANG_ANALYZER_NONNULL = YES;
				CLANG_ANALYZER_NUMBER_OBJECT_CONVERSION = YES_AGGRESSIVE;
				CLANG_CXX_LANGUAGE_STANDARD = "gnu++20";
				CLANG_ENABLE_MODULES = YES;
				CLANG_ENABLE_OBJC_ARC = YES;
				CLANG_ENABLE_OBJC_WEAK = YES;
				CLANG_WARN_BLOCK_CAPTURE_AUTORELEASING = YES;
				CLANG_WARN_BOOL_CONVERSION = YES;
				CLANG_WARN_COMMA = YES;
				CLANG_WARN_CONSTANT_CONVERSION = YES;
				CLANG_WARN_DEPRECATED_OBJC_IMPLEMENTATIONS = YES;
				CLANG_WARN_DIRECT_OBJC_ISA_USAGE = YES_ERROR;
				CLANG_WARN_DOCUMENTATION_COMMENTS = YES;
				CLANG_WARN_EMPTY_BODY = YES;
				CLANG_WARN_ENUM_CONVERSION = YES;
				CLANG_WARN_INFINITE_RECURSION = YES;
				CLANG_WARN_INT_CONVERSION = YES;
				CLANG_WARN_NON_LITERAL_NULL_CONVERSION = YES;
				CLANG_WARN_OBJC_IMPLICIT_RETAIN_SELF = YES;
				CLANG_WARN_OBJC_LITERAL_CONVERSION = YES;
				CLANG_WARN_OBJC_ROOT_CLASS = YES_ERROR;
				CLANG_WARN_QUOTED_INCLUDE_IN_FRAMEWORK_HEADER = YES;
				CLANG_WARN_RANGE_LOOP_ANALYSIS = YES;
				CLANG_WARN_STRICT_PROTOTYPES = YES;
				CLANG_WARN_SUSPICIOUS_MOVE = YES;
				CLANG_WARN_UNGUARDED_AVAILABILITY = YES_AGGRESSIVE;
				CLANG_WARN_UNREACHABLE_CODE = YES;
				CLANG_WARN__DUPLICATE_METHOD_MATCH = YES;
				COPY_PHASE_STRIP = NO;
				DEBUG_INFORMATION_FORMAT = "dwarf-with-dsym";
				ENABLE_NS_ASSERTIONS = NO;
				ENABLE_STRICT_OBJC_MSGSEND = YES;
				GCC_C_LANGUAGE_STANDARD = gnu11;
				GCC_NO_COMMON_BLOCKS = YES;
				GCC_WARN_64_TO_32_BIT_CONVERSION = YES;
				GCC_WARN_ABOUT_RETURN_TYPE = YES_ERROR;
				GCC_WARN_UNDECLARED_SELECTOR = YES;
				GCC_WARN_UNINITIALIZED_AUTOS = YES_AGGRESSIVE;
				GCC_WARN_UNUSED_FUNCTION = YES;
				GCC_WARN_UNUSED_VARIABLE = YES;
				IPHONEOS_DEPLOYMENT_TARGET = 16.2;
				MTL_ENABLE_DEBUG_INFO = NO;
				MTL_FAST_MATH = YES;
				SDKROOT = iphoneos;
				SWIFT_COMPILATION_MODE = wholemodule;
				SWIFT_OPTIMIZATION_LEVEL = "-O";
				VALIDATE_PRODUCT = YES;
			};
			name = Release;
		};
		0405D4B929658296001FE965 /* Debug */ = {
			isa = XCBuildConfiguration;
			buildSettings = {
				ASSETCATALOG_COMPILER_APPICON_NAME = AppIcon;
				ASSETCATALOG_COMPILER_GLOBAL_ACCENT_COLOR_NAME = AccentColor;
				CODE_SIGN_STYLE = Automatic;
				CURRENT_PROJECT_VERSION = 1;
				DEVELOPMENT_ASSET_PATHS = "\"Bottles/Preview Content\"";
				DEVELOPMENT_TEAM = CGUAL476T6;
				ENABLE_PREVIEWS = YES;
				GENERATE_INFOPLIST_FILE = YES;
				INFOPLIST_KEY_NSLocationWhenInUseUsageDescription = "";
				INFOPLIST_KEY_UIApplicationSceneManifest_Generation = YES;
				INFOPLIST_KEY_UIApplicationSupportsIndirectInputEvents = YES;
				INFOPLIST_KEY_UILaunchScreen_Generation = YES;
				INFOPLIST_KEY_UISupportedInterfaceOrientations_iPad = "UIInterfaceOrientationPortrait UIInterfaceOrientationPortraitUpsideDown UIInterfaceOrientationLandscapeLeft UIInterfaceOrientationLandscapeRight";
				INFOPLIST_KEY_UISupportedInterfaceOrientations_iPhone = "UIInterfaceOrientationPortrait UIInterfaceOrientationLandscapeLeft UIInterfaceOrientationLandscapeRight";
				LD_RUNPATH_SEARCH_PATHS = (
					"$(inherited)",
					"@executable_path/Frameworks",
				);
				MARKETING_VERSION = 1.0;
				PRODUCT_BUNDLE_IDENTIFIER = com.bottles.Bottles;
				PRODUCT_NAME = "$(TARGET_NAME)";
				SWIFT_EMIT_LOC_STRINGS = YES;
				SWIFT_VERSION = 5.0;
				TARGETED_DEVICE_FAMILY = "1,2";
			};
			name = Debug;
		};
		0405D4BA29658296001FE965 /* Release */ = {
			isa = XCBuildConfiguration;
			buildSettings = {
				ASSETCATALOG_COMPILER_APPICON_NAME = AppIcon;
				ASSETCATALOG_COMPILER_GLOBAL_ACCENT_COLOR_NAME = AccentColor;
				CODE_SIGN_STYLE = Automatic;
				CURRENT_PROJECT_VERSION = 1;
				DEVELOPMENT_ASSET_PATHS = "\"Bottles/Preview Content\"";
				DEVELOPMENT_TEAM = CGUAL476T6;
				ENABLE_PREVIEWS = YES;
				GENERATE_INFOPLIST_FILE = YES;
				INFOPLIST_KEY_NSLocationWhenInUseUsageDescription = "";
				INFOPLIST_KEY_UIApplicationSceneManifest_Generation = YES;
				INFOPLIST_KEY_UIApplicationSupportsIndirectInputEvents = YES;
				INFOPLIST_KEY_UILaunchScreen_Generation = YES;
				INFOPLIST_KEY_UISupportedInterfaceOrientations_iPad = "UIInterfaceOrientationPortrait UIInterfaceOrientationPortraitUpsideDown UIInterfaceOrientationLandscapeLeft UIInterfaceOrientationLandscapeRight";
				INFOPLIST_KEY_UISupportedInterfaceOrientations_iPhone = "UIInterfaceOrientationPortrait UIInterfaceOrientationLandscapeLeft UIInterfaceOrientationLandscapeRight";
				LD_RUNPATH_SEARCH_PATHS = (
					"$(inherited)",
					"@executable_path/Frameworks",
				);
				MARKETING_VERSION = 1.0;
				PRODUCT_BUNDLE_IDENTIFIER = com.bottles.Bottles;
				PRODUCT_NAME = "$(TARGET_NAME)";
				SWIFT_EMIT_LOC_STRINGS = YES;
				SWIFT_VERSION = 5.0;
				TARGETED_DEVICE_FAMILY = "1,2";
			};
			name = Release;
		};
		0405D4BC29658296001FE965 /* Debug */ = {
			isa = XCBuildConfiguration;
			buildSettings = {
				ALWAYS_EMBED_SWIFT_STANDARD_LIBRARIES = YES;
				BUNDLE_LOADER = "$(TEST_HOST)";
				CODE_SIGN_STYLE = Automatic;
				CURRENT_PROJECT_VERSION = 1;
				DEVELOPMENT_TEAM = CGUAL476T6;
				GENERATE_INFOPLIST_FILE = YES;
				IPHONEOS_DEPLOYMENT_TARGET = 16.2;
				MARKETING_VERSION = 1.0;
				PRODUCT_BUNDLE_IDENTIFIER = com.bottles.BottlesTests;
				PRODUCT_NAME = "$(TARGET_NAME)";
				SWIFT_EMIT_LOC_STRINGS = NO;
				SWIFT_VERSION = 5.0;
				TARGETED_DEVICE_FAMILY = "1,2";
				TEST_HOST = "$(BUILT_PRODUCTS_DIR)/Bottles.app/$(BUNDLE_EXECUTABLE_FOLDER_PATH)/Bottles";
			};
			name = Debug;
		};
		0405D4BD29658296001FE965 /* Release */ = {
			isa = XCBuildConfiguration;
			buildSettings = {
				ALWAYS_EMBED_SWIFT_STANDARD_LIBRARIES = YES;
				BUNDLE_LOADER = "$(TEST_HOST)";
				CODE_SIGN_STYLE = Automatic;
				CURRENT_PROJECT_VERSION = 1;
				DEVELOPMENT_TEAM = CGUAL476T6;
				GENERATE_INFOPLIST_FILE = YES;
				IPHONEOS_DEPLOYMENT_TARGET = 16.2;
				MARKETING_VERSION = 1.0;
				PRODUCT_BUNDLE_IDENTIFIER = com.bottles.BottlesTests;
				PRODUCT_NAME = "$(TARGET_NAME)";
				SWIFT_EMIT_LOC_STRINGS = NO;
				SWIFT_VERSION = 5.0;
				TARGETED_DEVICE_FAMILY = "1,2";
				TEST_HOST = "$(BUILT_PRODUCTS_DIR)/Bottles.app/$(BUNDLE_EXECUTABLE_FOLDER_PATH)/Bottles";
			};
			name = Release;
		};
		0405D4BF29658296001FE965 /* Debug */ = {
			isa = XCBuildConfiguration;
			buildSettings = {
				ALWAYS_EMBED_SWIFT_STANDARD_LIBRARIES = YES;
				CODE_SIGN_STYLE = Automatic;
				CURRENT_PROJECT_VERSION = 1;
				DEVELOPMENT_TEAM = CGUAL476T6;
				GENERATE_INFOPLIST_FILE = YES;
				MARKETING_VERSION = 1.0;
				PRODUCT_BUNDLE_IDENTIFIER = com.bottles.BottlesUITests;
				PRODUCT_NAME = "$(TARGET_NAME)";
				SWIFT_EMIT_LOC_STRINGS = NO;
				SWIFT_VERSION = 5.0;
				TARGETED_DEVICE_FAMILY = "1,2";
				TEST_TARGET_NAME = Bottles;
			};
			name = Debug;
		};
		0405D4C029658296001FE965 /* Release */ = {
			isa = XCBuildConfiguration;
			buildSettings = {
				ALWAYS_EMBED_SWIFT_STANDARD_LIBRARIES = YES;
				CODE_SIGN_STYLE = Automatic;
				CURRENT_PROJECT_VERSION = 1;
				DEVELOPMENT_TEAM = CGUAL476T6;
				GENERATE_INFOPLIST_FILE = YES;
				MARKETING_VERSION = 1.0;
				PRODUCT_BUNDLE_IDENTIFIER = com.bottles.BottlesUITests;
				PRODUCT_NAME = "$(TARGET_NAME)";
				SWIFT_EMIT_LOC_STRINGS = NO;
				SWIFT_VERSION = 5.0;
				TARGETED_DEVICE_FAMILY = "1,2";
				TEST_TARGET_NAME = Bottles;
			};
			name = Release;
		};
/* End XCBuildConfiguration section */

/* Begin XCConfigurationList section */
		0405D48F29658293001FE965 /* Build configuration list for PBXProject "Bottles" */ = {
			isa = XCConfigurationList;
			buildConfigurations = (
				0405D4B629658296001FE965 /* Debug */,
				0405D4B729658296001FE965 /* Release */,
			);
			defaultConfigurationIsVisible = 0;
			defaultConfigurationName = Release;
		};
		0405D4B829658296001FE965 /* Build configuration list for PBXNativeTarget "Bottles" */ = {
			isa = XCConfigurationList;
			buildConfigurations = (
				0405D4B929658296001FE965 /* Debug */,
				0405D4BA29658296001FE965 /* Release */,
			);
			defaultConfigurationIsVisible = 0;
			defaultConfigurationName = Release;
		};
		0405D4BB29658296001FE965 /* Build configuration list for PBXNativeTarget "BottlesTests" */ = {
			isa = XCConfigurationList;
			buildConfigurations = (
				0405D4BC29658296001FE965 /* Debug */,
				0405D4BD29658296001FE965 /* Release */,
			);
			defaultConfigurationIsVisible = 0;
			defaultConfigurationName = Release;
		};
		0405D4BE29658296001FE965 /* Build configuration list for PBXNativeTarget "BottlesUITests" */ = {
			isa = XCConfigurationList;
			buildConfigurations = (
				0405D4BF29658296001FE965 /* Debug */,
				0405D4C029658296001FE965 /* Release */,
			);
			defaultConfigurationIsVisible = 0;
			defaultConfigurationName = Release;
		};
/* End XCConfigurationList section */

/* Begin XCRemoteSwiftPackageReference section */
		0405D4C32965838A001FE965 /* XCRemoteSwiftPackageReference "firebase-ios-sdk" */ = {
			isa = XCRemoteSwiftPackageReference;
			repositoryURL = "https://github.com/firebase/firebase-ios-sdk";
			requirement = {
				branch = master;
				kind = branch;
			};
		};
/* End XCRemoteSwiftPackageReference section */

/* Begin XCSwiftPackageProductDependency section */
		0405D4C42965838A001FE965 /* FirebaseAnalytics */ = {
			isa = XCSwiftPackageProductDependency;
			package = 0405D4C32965838A001FE965 /* XCRemoteSwiftPackageReference "firebase-ios-sdk" */;
			productName = FirebaseAnalytics;
		};
		0405D4C62965838A001FE965 /* FirebaseAnalyticsSwift */ = {
			isa = XCSwiftPackageProductDependency;
			package = 0405D4C32965838A001FE965 /* XCRemoteSwiftPackageReference "firebase-ios-sdk" */;
			productName = FirebaseAnalyticsSwift;
		};
		0405D4C82965838A001FE965 /* FirebaseAuth */ = {
			isa = XCSwiftPackageProductDependency;
			package = 0405D4C32965838A001FE965 /* XCRemoteSwiftPackageReference "firebase-ios-sdk" */;
			productName = FirebaseAuth;
		};
		0405D4CA2965838A001FE965 /* FirebaseDatabase */ = {
			isa = XCSwiftPackageProductDependency;
			package = 0405D4C32965838A001FE965 /* XCRemoteSwiftPackageReference "firebase-ios-sdk" */;
			productName = FirebaseDatabase;
		};
		0405D4CC2965838A001FE965 /* FirebaseDatabaseSwift */ = {
			isa = XCSwiftPackageProductDependency;
			package = 0405D4C32965838A001FE965 /* XCRemoteSwiftPackageReference "firebase-ios-sdk" */;
			productName = FirebaseDatabaseSwift;
		};
		0405D4CE2965838A001FE965 /* FirebaseFirestore */ = {
			isa = XCSwiftPackageProductDependency;
			package = 0405D4C32965838A001FE965 /* XCRemoteSwiftPackageReference "firebase-ios-sdk" */;
			productName = FirebaseFirestore;
		};
		0405D4D02965838A001FE965 /* FirebaseFirestoreSwift */ = {
			isa = XCSwiftPackageProductDependency;
			package = 0405D4C32965838A001FE965 /* XCRemoteSwiftPackageReference "firebase-ios-sdk" */;
			productName = FirebaseFirestoreSwift;
		};
/* End XCSwiftPackageProductDependency section */
	};
	rootObject = 0405D48C29658293001FE965 /* Project object */;
}
